
Microsoft Visual Studio Solution File, Format Version 12.00
# Visual Studio Version 16
VisualStudioVersion = 16.0.31105.61
MinimumVisualStudioVersion = 10.0.40219.1
Project("{FAE04EC0-301F-11D3-BF4B-00C04F79EFBC}") = "MiMercadito", "MiMercadito.csproj", "{066C6B71-C348-480A-9C5E-AF7F6D1D53C8}"
EndProject
Global
	GlobalSection(SolutionConfigurationPlatforms) = preSolution
		Debug|Any CPU = Debug|Any CPU
		Release|Any CPU = Release|Any CPU
	EndGlobalSection
	GlobalSection(ProjectConfigurationPlatforms) = postSolution
		{066C6B71-C348-480A-9C5E-AF7F6D1D53C8}.Debug|Any CPU.ActiveCfg = Debug|Any CPU
		{066C6B71-C348-480A-9C5E-AF7F6D1D53C8}.Debug|Any CPU.Build.0 = Debug|Any CPU
		{066C6B71-C348-480A-9C5E-AF7F6D1D53C8}.Release|Any CPU.ActiveCfg = Release|Any CPU
		{066C6B71-C348-480A-9C5E-AF7F6D1D53C8}.Release|Any CPU.Build.0 = Release|Any CPU
	EndGlobalSection
	GlobalSection(SolutionProperties) = preSolution
		HideSolutionNode = FALSE
	EndGlobalSection
	GlobalSection(ExtensibilityGlobals) = postSolution
		SolutionGuid = {3FEA1DF8-EB62-419C-9AB6-577D9958D5BA}
	EndGlobalSection
EndGlobal
